{
  "requires": true,
  "lockfileVersion": 1,
  "dependencies": {
    "debugout.js": {
      "version": "0.5.0",
      "resolved": "https://registry.npmjs.org/debugout.js/-/debugout.js-0.5.0.tgz",
      "integrity": "sha1-4fbxvRYVMsoenEcvuhiLZvZ5+mg="
    },
    "qz-tray": {
      "version": "2.0.10",
      "resolved": "https://registry.npmjs.org/qz-tray/-/qz-tray-2.0.10.tgz",
      "integrity": "sha512-dqratgEfMYch0twBm691AncIEmvxzuUClDNoB60q7NuIgHT5SvZIcbYfuk1XgjnUJaYbZyLftVs/9Xq5eO7Z8Q=="
    }
  }
}
